// !$*UTF8*$!
{
	archiveVersion = 1;
	classes = {
	};
	objectVersion = 50;
	objects = {

/* Begin PBXBuildFile section */
		1805908324D4086900328EE9 /* Callbag.h in Headers */ = {isa = PBXBuildFile; fileRef = 1805908124D4086900328EE9 /* Callbag.h */; settings = {ATTRIBUTES = (Public, ); }; };
		1805908A24D4088500328EE9 /* Types.swift in Sources */ = {isa = PBXBuildFile; fileRef = 1805908924D4088500328EE9 /* Types.swift */; };
		1805908C24D408C700328EE9 /* From.swift in Sources */ = {isa = PBXBuildFile; fileRef = 1805908B24D408C700328EE9 /* From.swift */; };
		1805908E24D4092500328EE9 /* Subscribe.swift in Sources */ = {isa = PBXBuildFile; fileRef = 1805908D24D4092500328EE9 /* Subscribe.swift */; };
		180590B224D40ED000328EE9 /* Map.swift in Sources */ = {isa = PBXBuildFile; fileRef = 180590B124D40ED000328EE9 /* Map.swift */; };
		180590B424D40EFF00328EE9 /* Scan.swift in Sources */ = {isa = PBXBuildFile; fileRef = 180590B324D40EFF00328EE9 /* Scan.swift */; };
		180590B624D40F1E00328EE9 /* Filter.swift in Sources */ = {isa = PBXBuildFile; fileRef = 180590B524D40F1E00328EE9 /* Filter.swift */; };
		180590B824D410CB00328EE9 /* Take.swift in Sources */ = {isa = PBXBuildFile; fileRef = 180590B724D410CB00328EE9 /* Take.swift */; };
		180590BA24D410FA00328EE9 /* Skip.swift in Sources */ = {isa = PBXBuildFile; fileRef = 180590B924D410FA00328EE9 /* Skip.swift */; };
		180590BC24D4114700328EE9 /* Subject.swift in Sources */ = {isa = PBXBuildFile; fileRef = 180590BB24D4114700328EE9 /* Subject.swift */; };
		180590BE24D4117700328EE9 /* Create.swift in Sources */ = {isa = PBXBuildFile; fileRef = 180590BD24D4117700328EE9 /* Create.swift */; };
		180590C224D4125200328EE9 /* Merge.swift in Sources */ = {isa = PBXBuildFile; fileRef = 180590C124D4125200328EE9 /* Merge.swift */; };
		180590C424D4127400328EE9 /* Flatmap.swift in Sources */ = {isa = PBXBuildFile; fileRef = 180590C324D4127400328EE9 /* Flatmap.swift */; };
		180590C624D412E800328EE9 /* Combine.swift in Sources */ = {isa = PBXBuildFile; fileRef = 180590C524D412E800328EE9 /* Combine.swift */; };
/* End PBXBuildFile section */

/* Begin PBXFileReference section */
		1805907E24D4086900328EE9 /* Callbag.framework */ = {isa = PBXFileReference; explicitFileType = wrapper.framework; includeInIndex = 0; path = Callbag.framework; sourceTree = BUILT_PRODUCTS_DIR; };
		1805908124D4086900328EE9 /* Callbag.h */ = {isa = PBXFileReference; lastKnownFileType = sourcecode.c.h; path = Callbag.h; sourceTree = "<group>"; };
		1805908224D4086900328EE9 /* Info.plist */ = {isa = PBXFileReference; lastKnownFileType = text.plist.xml; path = Info.plist; sourceTree = "<group>"; };
		1805908924D4088500328EE9 /* Types.swift */ = {isa = PBXFileReference; lastKnownFileType = sourcecode.swift; path = Types.swift; sourceTree = "<group>"; };
		1805908B24D408C700328EE9 /* From.swift */ = {isa = PBXFileReference; lastKnownFileType = sourcecode.swift; path = From.swift; sourceTree = "<group>"; };
		1805908D24D4092500328EE9 /* Subscribe.swift */ = {isa = PBXFileReference; lastKnownFileType = sourcecode.swift; path = Subscribe.swift; sourceTree = "<group>"; };
		180590B124D40ED000328EE9 /* Map.swift */ = {isa = PBXFileReference; lastKnownFileType = sourcecode.swift; path = Map.swift; sourceTree = "<group>"; };
		180590B324D40EFF00328EE9 /* Scan.swift */ = {isa = PBXFileReference; lastKnownFileType = sourcecode.swift; path = Scan.swift; sourceTree = "<group>"; };
		180590B524D40F1E00328EE9 /* Filter.swift */ = {isa = PBXFileReference; lastKnownFileType = sourcecode.swift; path = Filter.swift; sourceTree = "<group>"; };
		180590B724D410CB00328EE9 /* Take.swift */ = {isa = PBXFileReference; lastKnownFileType = sourcecode.swift; path = Take.swift; sourceTree = "<group>"; };
		180590B924D410FA00328EE9 /* Skip.swift */ = {isa = PBXFileReference; lastKnownFileType = sourcecode.swift; path = Skip.swift; sourceTree = "<group>"; };
		180590BB24D4114700328EE9 /* Subject.swift */ = {isa = PBXFileReference; lastKnownFileType = sourcecode.swift; path = Subject.swift; sourceTree = "<group>"; };
		180590BD24D4117700328EE9 /* Create.swift */ = {isa = PBXFileReference; lastKnownFileType = sourcecode.swift; path = Create.swift; sourceTree = "<group>"; };
		180590C124D4125200328EE9 /* Merge.swift */ = {isa = PBXFileReference; lastKnownFileType = sourcecode.swift; path = Merge.swift; sourceTree = "<group>"; };
		180590C324D4127400328EE9 /* Flatmap.swift */ = {isa = PBXFileReference; lastKnownFileType = sourcecode.swift; path = Flatmap.swift; sourceTree = "<group>"; };
		180590C524D412E800328EE9 /* Combine.swift */ = {isa = PBXFileReference; lastKnownFileType = sourcecode.swift; path = Combine.swift; sourceTree = "<group>"; };
/* End PBXFileReference section */

/* Begin PBXFrameworksBuildPhase section */
		1805907B24D4086900328EE9 /* Frameworks */ = {
			isa = PBXFrameworksBuildPhase;
			buildActionMask = 2147483647;
			files = (
			);
			runOnlyForDeploymentPostprocessing = 0;
		};
/* End PBXFrameworksBuildPhase section */

/* Begin PBXGroup section */
		1805907424D4086800328EE9 = {
			isa = PBXGroup;
			children = (
				1805908024D4086900328EE9 /* Callbag */,
				1805907F24D4086900328EE9 /* Products */,
			);
			sourceTree = "<group>";
		};
		1805907F24D4086900328EE9 /* Products */ = {
			isa = PBXGroup;
			children = (
				1805907E24D4086900328EE9 /* Callbag.framework */,
			);
			name = Products;
			sourceTree = "<group>";
		};
		1805908024D4086900328EE9 /* Callbag */ = {
			isa = PBXGroup;
			children = (
				1805908124D4086900328EE9 /* Callbag.h */,
				1805908224D4086900328EE9 /* Info.plist */,
				1805908924D4088500328EE9 /* Types.swift */,
				1805908B24D408C700328EE9 /* From.swift */,
				1805908D24D4092500328EE9 /* Subscribe.swift */,
				180590B124D40ED000328EE9 /* Map.swift */,
				180590B324D40EFF00328EE9 /* Scan.swift */,
				180590B524D40F1E00328EE9 /* Filter.swift */,
				180590B724D410CB00328EE9 /* Take.swift */,
				180590B924D410FA00328EE9 /* Skip.swift */,
				180590BB24D4114700328EE9 /* Subject.swift */,
				180590BD24D4117700328EE9 /* Create.swift */,
				180590C124D4125200328EE9 /* Merge.swift */,
				180590C324D4127400328EE9 /* Flatmap.swift */,
				180590C524D412E800328EE9 /* Combine.swift */,
			);
			path = Callbag;
			sourceTree = "<group>";
		};
/* End PBXGroup section */

/* Begin PBXHeadersBuildPhase section */
		1805907924D4086900328EE9 /* Headers */ = {
			isa = PBXHeadersBuildPhase;
			buildActionMask = 2147483647;
			files = (
				1805908324D4086900328EE9 /* Callbag.h in Headers */,
			);
			runOnlyForDeploymentPostprocessing = 0;
		};
/* End PBXHeadersBuildPhase section */

/* Begin PBXNativeTarget section */
		1805907D24D4086900328EE9 /* Callbag */ = {
			isa = PBXNativeTarget;
			buildConfigurationList = 1805908624D4086900328EE9 /* Build configuration list for PBXNativeTarget "Callbag" */;
			buildPhases = (
				1805907924D4086900328EE9 /* Headers */,
				1805907A24D4086900328EE9 /* Sources */,
				1805907B24D4086900328EE9 /* Frameworks */,
				1805907C24D4086900328EE9 /* Resources */,
			);
			buildRules = (
			);
			dependencies = (
			);
			name = Callbag;
			productName = Callbag;
			productReference = 1805907E24D4086900328EE9 /* Callbag.framework */;
			productType = "com.apple.product-type.framework";
		};
/* End PBXNativeTarget section */

/* Begin PBXProject section */
		1805907524D4086800328EE9 /* Project object */ = {
			isa = PBXProject;
			attributes = {
				LastUpgradeCheck = 1130;
				ORGANIZATIONNAME = "Chu Thin";
				TargetAttributes = {
					1805907D24D4086900328EE9 = {
						CreatedOnToolsVersion = 11.3;
						LastSwiftMigration = 1130;
					};
				};
			};
			buildConfigurationList = 1805907824D4086800328EE9 /* Build configuration list for PBXProject "Callbag" */;
			compatibilityVersion = "Xcode 9.3";
			developmentRegion = en;
			hasScannedForEncodings = 0;
			knownRegions = (
				en,
				Base,
			);
			mainGroup = 1805907424D4086800328EE9;
			productRefGroup = 1805907F24D4086900328EE9 /* Products */;
			projectDirPath = "";
			projectRoot = "";
			targets = (
				1805907D24D4086900328EE9 /* Callbag */,
			);
		};
/* End PBXProject section */

/* Begin PBXResourcesBuildPhase section */
		1805907C24D4086900328EE9 /* Resources */ = {
			isa = PBXResourcesBuildPhase;
			buildActionMask = 2147483647;
			files = (
			);
			runOnlyForDeploymentPostprocessing = 0;
		};
/* End PBXResourcesBuildPhase section */

/* Begin PBXSourcesBuildPhase section */
		1805907A24D4086900328EE9 /* Sources */ = {
			isa = PBXSourcesBuildPhase;
			buildActionMask = 2147483647;
			files = (
				1805908E24D4092500328EE9 /* Subscribe.swift in Sources */,
				180590B624D40F1E00328EE9 /* Filter.swift in Sources */,
				180590B424D40EFF00328EE9 /* Scan.swift in Sources */,
				1805908A24D4088500328EE9 /* Types.swift in Sources */,
				180590C424D4127400328EE9 /* Flatmap.swift in Sources */,
				180590BA24D410FA00328EE9 /* Skip.swift in Sources */,
				180590B224D40ED000328EE9 /* Map.swift in Sources */,
				180590B824D410CB00328EE9 /* Take.swift in Sources */,
				180590C624D412E800328EE9 /* Combine.swift in Sources */,
				180590C224D4125200328EE9 /* Merge.swift in Sources */,
				180590BC24D4114700328EE9 /* Subject.swift in Sources */,
				1805908C24D408C700328EE9 /* From.swift in Sources */,
				180590BE24D4117700328EE9 /* Create.swift in Sources */,
			);
			runOnlyForDeploymentPostprocessing = 0;
		};
/* End PBXSourcesBuildPhase section */

/* Begin XCBuildConfiguration section */
		1805908424D4086900328EE9 /* Debug */ = {
			isa = XCBuildConfiguration;
			buildSettings = {
				ALWAYS_SEARCH_USER_PATHS = NO;
				CLANG_ANALYZER_NONNULL = YES;
				CLANG_ANALYZER_NUMBER_OBJECT_CONVERSION = YES_AGGRESSIVE;
				CLANG_CXX_LANGUAGE_STANDARD = "gnu++14";
				CLANG_CXX_LIBRARY = "libc++";
				CLANG_ENABLE_MODULES = YES;
				CLANG_ENABLE_OBJC_ARC = YES;
				CLANG_ENABLE_OBJC_WEAK = YES;
				CLANG_WARN_BLOCK_CAPTURE_AUTORELEASING = YES;
				CLANG_WARN_BOOL_CONVERSION = YES;
				CLANG_WARN_COMMA = YES;
				CLANG_WARN_CONSTANT_CONVERSION = YES;
				CLANG_WARN_DEPRECATED_OBJC_IMPLEMENTATIONS = YES;
				CLANG_WARN_DIRECT_OBJC_ISA_USAGE = YES_ERROR;
				CLANG_WARN_DOCUMENTATION_COMMENTS = YES;
				CLANG_WARN_EMPTY_BODY = YES;
				CLANG_WARN_ENUM_CONVERSION = YES;
				CLANG_WARN_INFINITE_RECURSION = YES;
				CLANG_WARN_INT_CONVERSION = YES;
				CLANG_WARN_NON_LITERAL_NULL_CONVERSION = YES;
				CLANG_WARN_OBJC_IMPLICIT_RETAIN_SELF = YES;
				CLANG_WARN_OBJC_LITERAL_CONVERSION = YES;
				CLANG_WARN_OBJC_ROOT_CLASS = YES_ERROR;
				CLANG_WARN_RANGE_LOOP_ANALYSIS = YES;
				CLANG_WARN_STRICT_PROTOTYPES = YES;
				CLANG_WARN_SUSPICIOUS_MOVE = YES;
				CLANG_WARN_UNGUARDED_AVAILABILITY = YES_AGGRESSIVE;
				CLANG_WARN_UNREACHABLE_CODE = YES;
				CLANG_WARN__DUPLICATE_METHOD_MATCH = YES;
				COPY_PHASE_STRIP = NO;
				CURRENT_PROJECT_VERSION = 1;
				DEBUG_INFORMATION_FORMAT = dwarf;
				ENABLE_STRICT_OBJC_MSGSEND = YES;
				ENABLE_TESTABILITY = YES;
				GCC_C_LANGUAGE_STANDARD = gnu11;
				GCC_DYNAMIC_NO_PIC = NO;
				GCC_NO_COMMON_BLOCKS = YES;
				GCC_OPTIMIZATION_LEVEL = 0;
				GCC_PREPROCESSOR_DEFINITIONS = (
					"DEBUG=1",
					"$(inherited)",
				);
				GCC_WARN_64_TO_32_BIT_CONVERSION = YES;
				GCC_WARN_ABOUT_RETURN_TYPE = YES_ERROR;
				GCC_WARN_UNDECLARED_SELECTOR = YES;
				GCC_WARN_UNINITIALIZED_AUTOS = YES_AGGRESSIVE;
				GCC_WARN_UNUSED_FUNCTION = YES;
				GCC_WARN_UNUSED_VARIABLE = YES;
				IPHONEOS_DEPLOYMENT_TARGET = 13.2;
				MTL_ENABLE_DEBUG_INFO = INCLUDE_SOURCE;
				MTL_FAST_MATH = YES;
				ONLY_ACTIVE_ARCH = YES;
				SDKROOT = iphoneos;
				SWIFT_ACTIVE_COMPILATION_CONDITIONS = DEBUG;
				SWIFT_OPTIMIZATION_LEVEL = "-Onone";
				VERSIONING_SYSTEM = "apple-generic";
				VERSION_INFO_PREFIX = "";
			};
			name = Debug;
		};
		1805908524D4086900328EE9 /* Release */ = {
			isa = XCBuildConfiguration;
			buildSettings = {
				ALWAYS_SEARCH_USER_PATHS = NO;
				CLANG_ANALYZER_NONNULL = YES;
				CLANG_ANALYZER_NUMBER_OBJECT_CONVERSION = YES_AGGRESSIVE;
				CLANG_CXX_LANGUAGE_STANDARD = "gnu++14";
				CLANG_CXX_LIBRARY = "libc++";
				CLANG_ENABLE_MODULES = YES;
				CLANG_ENABLE_OBJC_ARC = YES;
				CLANG_ENABLE_OBJC_WEAK = YES;
				CLANG_WARN_BLOCK_CAPTURE_AUTORELEASING = YES;
				CLANG_WARN_BOOL_CONVERSION = YES;
				CLANG_WARN_COMMA = YES;
				CLANG_WARN_CONSTANT_CONVERSION = YES;
				CLANG_WARN_DEPRECATED_OBJC_IMPLEMENTATIONS = YES;
				CLANG_WARN_DIRECT_OBJC_ISA_USAGE = YES_ERROR;
				CLANG_WARN_DOCUMENTATION_COMMENTS = YES;
				CLANG_WARN_EMPTY_BODY = YES;
				CLANG_WARN_ENUM_CONVERSION = YES;
				CLANG_WARN_INFINITE_RECURSION = YES;
				CLANG_WARN_INT_CONVERSION = YES;
				CLANG_WARN_NON_LITERAL_NULL_CONVERSION = YES;
				CLANG_WARN_OBJC_IMPLICIT_RETAIN_SELF = YES;
				CLANG_WARN_OBJC_LITERAL_CONVERSION = YES;
				CLANG_WARN_OBJC_ROOT_CLASS = YES_ERROR;
				CLANG_WARN_RANGE_LOOP_ANALYSIS = YES;
				CLANG_WARN_STRICT_PROTOTYPES = YES;
				CLANG_WARN_SUSPICIOUS_MOVE = YES;
				CLANG_WARN_UNGUARDED_AVAILABILITY = YES_AGGRESSIVE;
				CLANG_WARN_UNREACHABLE_CODE = YES;
				CLANG_WARN__DUPLICATE_METHOD_MATCH = YES;
				COPY_PHASE_STRIP = NO;
				CURRENT_PROJECT_VERSION = 1;
				DEBUG_INFORMATION_FORMAT = "dwarf-with-dsym";
				ENABLE_NS_ASSERTIONS = NO;
				ENABLE_STRICT_OBJC_MSGSEND = YES;
				GCC_C_LANGUAGE_STANDARD = gnu11;
				GCC_NO_COMMON_BLOCKS = YES;
				GCC_WARN_64_TO_32_BIT_CONVERSION = YES;
				GCC_WARN_ABOUT_RETURN_TYPE = YES_ERROR;
				GCC_WARN_UNDECLARED_SELECTOR = YES;
				GCC_WARN_UNINITIALIZED_AUTOS = YES_AGGRESSIVE;
				GCC_WARN_UNUSED_FUNCTION = YES;
				GCC_WARN_UNUSED_VARIABLE = YES;
				IPHONEOS_DEPLOYMENT_TARGET = 13.2;
				MTL_ENABLE_DEBUG_INFO = NO;
				MTL_FAST_MATH = YES;
				SDKROOT = iphoneos;
				SWIFT_COMPILATION_MODE = wholemodule;
				SWIFT_OPTIMIZATION_LEVEL = "-O";
				VALIDATE_PRODUCT = YES;
				VERSIONING_SYSTEM = "apple-generic";
				VERSION_INFO_PREFIX = "";
			};
			name = Release;
		};
		1805908724D4086900328EE9 /* Debug */ = {
			isa = XCBuildConfiguration;
			buildSettings = {
				CLANG_ENABLE_MODULES = YES;
				CODE_SIGN_STYLE = Automatic;
				DEFINES_MODULE = YES;
				DYLIB_COMPATIBILITY_VERSION = 1;
				DYLIB_CURRENT_VERSION = 1;
				DYLIB_INSTALL_NAME_BASE = "@rpath";
				INFOPLIST_FILE = Callbag/Info.plist;
				INSTALL_PATH = "$(LOCAL_LIBRARY_DIR)/Frameworks";
				IPHONEOS_DEPLOYMENT_TARGET = 10.0;
				LD_RUNPATH_SEARCH_PATHS = (
					"$(inherited)",
					"@executable_path/Frameworks",
					"@loader_path/Frameworks",
				);
				PRODUCT_BUNDLE_IDENTIFIER = com.6camgroup.Callbag;
				PRODUCT_NAME = "$(TARGET_NAME:c99extidentifier)";
				SKIP_INSTALL = YES;
				SWIFT_OPTIMIZATION_LEVEL = "-Onone";
				SWIFT_VERSION = 5.0;
				TARGETED_DEVICE_FAMILY = "1,2";
			};
			name = Debug;
		};
		1805908824D4086900328EE9 /* Release */ = {
			isa = XCBuildConfiguration;
			buildSettings = {
				CLANG_ENABLE_MODULES = YES;
				CODE_SIGN_STYLE = Automatic;
				DEFINES_MODULE = YES;
				DYLIB_COMPATIBILITY_VERSION = 1;
				DYLIB_CURRENT_VERSION = 1;
				DYLIB_INSTALL_NAME_BASE = "@rpath";
				INFOPLIST_FILE = Callbag/Info.plist;
				INSTALL_PATH = "$(LOCAL_LIBRARY_DIR)/Frameworks";
				IPHONEOS_DEPLOYMENT_TARGET = 10.0;
				LD_RUNPATH_SEARCH_PATHS = (
					"$(inherited)",
					"@executable_path/Frameworks",
					"@loader_path/Frameworks",
				);
				PRODUCT_BUNDLE_IDENTIFIER = com.6camgroup.Callbag;
				PRODUCT_NAME = "$(TARGET_NAME:c99extidentifier)";
				SKIP_INSTALL = YES;
				SWIFT_VERSION = 5.0;
				TARGETED_DEVICE_FAMILY = "1,2";
			};
			name = Release;
		};
/* End XCBuildConfiguration section */

/* Begin XCConfigurationList section */
		1805907824D4086800328EE9 /* Build configuration list for PBXProject "Callbag" */ = {
			isa = XCConfigurationList;
			buildConfigurations = (
				1805908424D4086900328EE9 /* Debug */,
				1805908524D4086900328EE9 /* Release */,
			);
			defaultConfigurationIsVisible = 0;
			defaultConfigurationName = Release;
		};
		1805908624D4086900328EE9 /* Build configuration list for PBXNativeTarget "Callbag" */ = {
			isa = XCConfigurationList;
			buildConfigurations = (
				1805908724D4086900328EE9 /* Debug */,
				1805908824D4086900328EE9 /* Release */,
			);
			defaultConfigurationIsVisible = 0;
			defaultConfigurationName = Release;
		};
/* End XCConfigurationList section */
	};
	rootObject = 1805907524D4086800328EE9 /* Project object */;
}
